<?xml version="1.0" encoding="UTF-8"?>
<!DOCTYPE plist PUBLIC "-//Apple//DTD PLIST 1.0//EN" "http://www.apple.com/DTDs/PropertyList-1.0.dtd">
<plist version="1.0">
<dict>
	<key>archiveVersion</key>
	<string>1</string>
	<key>classes</key>
	<dict/>
	<key>objectVersion</key>
	<string>46</string>
	<key>objects</key>
	<dict>
		<key>0C4671D7E24F39E9CE9271B2</key>
		<dict>
			<key>isa</key>
			<string>PBXFileReference</string>
			<key>lastKnownFileType</key>
			<string>wrapper.framework</string>
			<key>name</key>
			<string>SystemConfiguration.framework</string>
			<key>path</key>
			<string>System/Library/Frameworks/SystemConfiguration.framework</string>
			<key>sourceTree</key>
			<string>SDKROOT</string>
		</dict>
		<key>1E3404A91CEA9E44002805BD</key>
		<dict>
			<key>children</key>
			<array>
				<string>1E3404B41CEA9E44002805BD</string>
				<string>1E3404C91CEA9E45002805BD</string>
				<string>1E3404D41CEA9E45002805BD</string>
				<string>1E3404B31CEA9E44002805BD</string>
				<string>75E1E0A8720B449724798C31</string>
				<string>D20969AD4F08A984BB47F98F</string>
			</array>
			<key>isa</key>
			<string>PBXGroup</string>
			<key>sourceTree</key>
			<string>&lt;group&gt;</string>
		</dict>
		<key>1E3404AA1CEA9E44002805BD</key>
		<dict>
			<key>attributes</key>
			<dict>
				<key>LastSwiftUpdateCheck</key>
				<string>0730</string>
				<key>LastUpgradeCheck</key>
				<string>0730</string>
				<key>ORGANIZATIONNAME</key>
				<string>Jason Toff</string>
				<key>TargetAttributes</key>
				<dict>
					<key>1E3404B11CEA9E44002805BD</key>
					<dict>
						<key>CreatedOnToolsVersion</key>
						<string>7.3.1</string>
					</dict>
					<key>1E3404C51CEA9E45002805BD</key>
					<dict>
						<key>CreatedOnToolsVersion</key>
						<string>7.3.1</string>
						<key>TestTargetID</key>
						<string>1E3404B11CEA9E44002805BD</string>
					</dict>
					<key>1E3404D01CEA9E45002805BD</key>
					<dict>
						<key>CreatedOnToolsVersion</key>
						<string>7.3.1</string>
						<key>TestTargetID</key>
						<string>1E3404B11CEA9E44002805BD</string>
					</dict>
				</dict>
			</dict>
			<key>buildConfigurationList</key>
			<string>1E3404AD1CEA9E44002805BD</string>
			<key>compatibilityVersion</key>
			<string>Xcode 3.2</string>
			<key>developmentRegion</key>
			<string>English</string>
			<key>hasScannedForEncodings</key>
			<string>0</string>
			<key>isa</key>
			<string>PBXProject</string>
			<key>knownRegions</key>
			<array>
				<string>en</string>
				<string>Base</string>
			</array>
			<key>mainGroup</key>
			<string>1E3404A91CEA9E44002805BD</string>
			<key>productRefGroup</key>
			<string>1E3404B31CEA9E44002805BD</string>
			<key>projectDirPath</key>
			<string></string>
			<key>projectReferences</key>
			<array/>
			<key>projectRoot</key>
			<string></string>
			<key>targets</key>
			<array>
				<string>1E3404B11CEA9E44002805BD</string>
				<string>1E3404C51CEA9E45002805BD</string>
				<string>1E3404D01CEA9E45002805BD</string>
			</array>
		</dict>
		<key>1E3404AD1CEA9E44002805BD</key>
		<dict>
			<key>buildConfigurations</key>
			<array>
				<string>1E3404D81CEA9E45002805BD</string>
				<string>1E3404D91CEA9E45002805BD</string>
			</array>
			<key>defaultConfigurationIsVisible</key>
			<string>0</string>
			<key>defaultConfigurationName</key>
			<string>Release</string>
			<key>isa</key>
			<string>XCConfigurationList</string>
		</dict>
		<key>1E3404AE1CEA9E44002805BD</key>
		<dict>
			<key>buildActionMask</key>
			<string>2147483647</string>
			<key>files</key>
			<array>
				<string>1E3404B81CEA9E44002805BD</string>
				<string>1E3404B61CEA9E44002805BD</string>
			</array>
			<key>isa</key>
			<string>PBXSourcesBuildPhase</string>
			<key>runOnlyForDeploymentPostprocessing</key>
			<string>0</string>
		</dict>
		<key>1E3404AF1CEA9E44002805BD</key>
		<dict>
			<key>buildActionMask</key>
			<string>2147483647</string>
			<key>files</key>
			<array>
				<string>A35CEBC6AFD0D829C6766C66</string>
				<string>C3033421129CD9FCFBDB43B6</string>
				<string>DD55241EC5DC087192B34394</string>
				<string>ED763CB4E0F1283DA3426B1B</string>
				<string>66D0A204781FA3A91A3C6E8A</string>
				<string>9BA50A64E0B65F0E60DA8070</string>
				<string>9F9E9C9C853D1D51898CD9E7</string>
				<string>4EC59BAFCFBEE64B025769DF</string>
				<string>DC1BB9B3F6F6FE4B4383947E</string>
			</array>
			<key>isa</key>
			<string>PBXFrameworksBuildPhase</string>
			<key>runOnlyForDeploymentPostprocessing</key>
			<string>0</string>
		</dict>
		<key>1E3404B01CEA9E44002805BD</key>
		<dict>
			<key>buildActionMask</key>
			<string>2147483647</string>
			<key>files</key>
			<array>
				<string>1E3404C01CEA9E44002805BD</string>
				<string>1E3404BD1CEA9E44002805BD</string>
				<string>1E3404BB1CEA9E44002805BD</string>
			</array>
			<key>isa</key>
			<string>PBXResourcesBuildPhase</string>
			<key>runOnlyForDeploymentPostprocessing</key>
			<string>0</string>
		</dict>
		<key>1E3404B11CEA9E44002805BD</key>
		<dict>
			<key>buildConfigurationList</key>
			<string>1E3404DA1CEA9E45002805BD</string>
			<key>buildPhases</key>
			<array>
				<string>1E3404AE1CEA9E44002805BD</string>
				<string>1E3404AF1CEA9E44002805BD</string>
				<string>1E3404B01CEA9E44002805BD</string>
			</array>
			<key>buildRules</key>
			<array/>
			<key>dependencies</key>
			<array/>
			<key>isa</key>
			<string>PBXNativeTarget</string>
			<key>name</key>
			<string>BabyTimer1</string>
			<key>productName</key>
			<string>BabyTimer1</string>
			<key>productReference</key>
			<string>1E3404B21CEA9E44002805BD</string>
			<key>productType</key>
			<string>com.apple.product-type.application</string>
		</dict>
		<key>1E3404B21CEA9E44002805BD</key>
		<dict>
			<key>explicitFileType</key>
			<string>wrapper.application</string>
			<key>includeInIndex</key>
			<string>0</string>
			<key>isa</key>
			<string>PBXFileReference</string>
			<key>path</key>
			<string>BabyTimer1.app</string>
			<key>sourceTree</key>
			<string>BUILT_PRODUCTS_DIR</string>
		</dict>
		<key>1E3404B31CEA9E44002805BD</key>
		<dict>
			<key>children</key>
			<array>
				<string>1E3404B21CEA9E44002805BD</string>
				<string>1E3404C61CEA9E45002805BD</string>
				<string>1E3404D11CEA9E45002805BD</string>
			</array>
			<key>isa</key>
			<string>PBXGroup</string>
			<key>name</key>
			<string>Products</string>
			<key>sourceTree</key>
			<string>&lt;group&gt;</string>
		</dict>
		<key>1E3404B41CEA9E44002805BD</key>
		<dict>
			<key>children</key>
			<array>
				<string>1E3404B51CEA9E44002805BD</string>
				<string>1E3404B71CEA9E44002805BD</string>
				<string>1E3404B91CEA9E44002805BD</string>
				<string>1E3404BC1CEA9E44002805BD</string>
				<string>1E3404BE1CEA9E44002805BD</string>
				<string>1E3404C11CEA9E44002805BD</string>
			</array>
			<key>isa</key>
			<string>PBXGroup</string>
			<key>path</key>
			<string>BabyTimer1</string>
			<key>sourceTree</key>
			<string>&lt;group&gt;</string>
		</dict>
		<key>1E3404B51CEA9E44002805BD</key>
		<dict>
			<key>isa</key>
			<string>PBXFileReference</string>
			<key>lastKnownFileType</key>
			<string>sourcecode.swift</string>
			<key>path</key>
			<string>AppDelegate.swift</string>
			<key>sourceTree</key>
			<string>&lt;group&gt;</string>
		</dict>
		<key>1E3404B61CEA9E44002805BD</key>
		<dict>
			<key>fileRef</key>
			<string>1E3404B51CEA9E44002805BD</string>
			<key>isa</key>
			<string>PBXBuildFile</string>
		</dict>
		<key>1E3404B71CEA9E44002805BD</key>
		<dict>
			<key>isa</key>
			<string>PBXFileReference</string>
			<key>lastKnownFileType</key>
			<string>sourcecode.swift</string>
			<key>path</key>
			<string>ViewController.swift</string>
			<key>sourceTree</key>
			<string>&lt;group&gt;</string>
		</dict>
		<key>1E3404B81CEA9E44002805BD</key>
		<dict>
			<key>fileRef</key>
			<string>1E3404B71CEA9E44002805BD</string>
			<key>isa</key>
			<string>PBXBuildFile</string>
		</dict>
		<key>1E3404B91CEA9E44002805BD</key>
		<dict>
			<key>children</key>
			<array>
				<string>1E3404BA1CEA9E44002805BD</string>
			</array>
			<key>isa</key>
			<string>PBXVariantGroup</string>
			<key>name</key>
			<string>Main.storyboard</string>
			<key>sourceTree</key>
			<string>&lt;group&gt;</string>
		</dict>
		<key>1E3404BA1CEA9E44002805BD</key>
		<dict>
			<key>isa</key>
			<string>PBXFileReference</string>
			<key>lastKnownFileType</key>
			<string>file.storyboard</string>
			<key>name</key>
			<string>Base</string>
			<key>path</key>
			<string>Base.lproj/Main.storyboard</string>
			<key>sourceTree</key>
			<string>&lt;group&gt;</string>
		</dict>
		<key>1E3404BB1CEA9E44002805BD</key>
		<dict>
			<key>fileRef</key>
			<string>1E3404B91CEA9E44002805BD</string>
			<key>isa</key>
			<string>PBXBuildFile</string>
		</dict>
		<key>1E3404BC1CEA9E44002805BD</key>
		<dict>
			<key>isa</key>
			<string>PBXFileReference</string>
			<key>lastKnownFileType</key>
			<string>folder.assetcatalog</string>
			<key>path</key>
			<string>Assets.xcassets</string>
			<key>sourceTree</key>
			<string>&lt;group&gt;</string>
		</dict>
		<key>1E3404BD1CEA9E44002805BD</key>
		<dict>
			<key>fileRef</key>
			<string>1E3404BC1CEA9E44002805BD</string>
			<key>isa</key>
			<string>PBXBuildFile</string>
		</dict>
		<key>1E3404BE1CEA9E44002805BD</key>
		<dict>
			<key>children</key>
			<array>
				<string>1E3404BF1CEA9E44002805BD</string>
			</array>
			<key>isa</key>
			<string>PBXVariantGroup</string>
			<key>name</key>
			<string>LaunchScreen.storyboard</string>
			<key>sourceTree</key>
			<string>&lt;group&gt;</string>
		</dict>
		<key>1E3404BF1CEA9E44002805BD</key>
		<dict>
			<key>isa</key>
			<string>PBXFileReference</string>
			<key>lastKnownFileType</key>
			<string>file.storyboard</string>
			<key>name</key>
			<string>Base</string>
			<key>path</key>
			<string>Base.lproj/LaunchScreen.storyboard</string>
			<key>sourceTree</key>
			<string>&lt;group&gt;</string>
		</dict>
		<key>1E3404C01CEA9E44002805BD</key>
		<dict>
			<key>fileRef</key>
			<string>1E3404BE1CEA9E44002805BD</string>
			<key>isa</key>
			<string>PBXBuildFile</string>
		</dict>
		<key>1E3404C11CEA9E44002805BD</key>
		<dict>
			<key>isa</key>
			<string>PBXFileReference</string>
			<key>lastKnownFileType</key>
			<string>text.plist.xml</string>
			<key>path</key>
			<string>Info.plist</string>
			<key>sourceTree</key>
			<string>&lt;group&gt;</string>
		</dict>
		<key>1E3404C21CEA9E45002805BD</key>
		<dict>
			<key>buildActionMask</key>
			<string>2147483647</string>
			<key>files</key>
			<array>
				<string>1E3404CB1CEA9E45002805BD</string>
			</array>
			<key>isa</key>
			<string>PBXSourcesBuildPhase</string>
			<key>runOnlyForDeploymentPostprocessing</key>
			<string>0</string>
		</dict>
		<key>1E3404C31CEA9E45002805BD</key>
		<dict>
			<key>buildActionMask</key>
			<string>2147483647</string>
			<key>files</key>
			<array/>
			<key>isa</key>
			<string>PBXFrameworksBuildPhase</string>
			<key>runOnlyForDeploymentPostprocessing</key>
			<string>0</string>
		</dict>
		<key>1E3404C41CEA9E45002805BD</key>
		<dict>
			<key>buildActionMask</key>
			<string>2147483647</string>
			<key>files</key>
			<array/>
			<key>isa</key>
			<string>PBXResourcesBuildPhase</string>
			<key>runOnlyForDeploymentPostprocessing</key>
			<string>0</string>
		</dict>
		<key>1E3404C51CEA9E45002805BD</key>
		<dict>
			<key>buildConfigurationList</key>
			<string>1E3404DD1CEA9E45002805BD</string>
			<key>buildPhases</key>
			<array>
				<string>1E3404C21CEA9E45002805BD</string>
				<string>1E3404C31CEA9E45002805BD</string>
				<string>1E3404C41CEA9E45002805BD</string>
			</array>
			<key>buildRules</key>
			<array/>
			<key>dependencies</key>
			<array>
				<string>1E3404C81CEA9E45002805BD</string>
			</array>
			<key>isa</key>
			<string>PBXNativeTarget</string>
			<key>name</key>
			<string>BabyTimer1Tests</string>
			<key>productName</key>
			<string>BabyTimer1Tests</string>
			<key>productReference</key>
			<string>1E3404C61CEA9E45002805BD</string>
			<key>productType</key>
			<string>com.apple.product-type.bundle.unit-test</string>
		</dict>
		<key>1E3404C61CEA9E45002805BD</key>
		<dict>
			<key>explicitFileType</key>
			<string>wrapper.cfbundle</string>
			<key>includeInIndex</key>
			<string>0</string>
			<key>isa</key>
			<string>PBXFileReference</string>
			<key>path</key>
			<string>BabyTimer1Tests.xctest</string>
			<key>sourceTree</key>
			<string>BUILT_PRODUCTS_DIR</string>
		</dict>
		<key>1E3404C71CEA9E45002805BD</key>
		<dict>
			<key>containerPortal</key>
			<string>1E3404AA1CEA9E44002805BD</string>
			<key>isa</key>
			<string>PBXContainerItemProxy</string>
			<key>proxyType</key>
			<string>1</string>
			<key>remoteGlobalIDString</key>
			<string>1E3404B11CEA9E44002805BD</string>
			<key>remoteInfo</key>
			<string>BabyTimer1</string>
		</dict>
		<key>1E3404C81CEA9E45002805BD</key>
		<dict>
			<key>isa</key>
			<string>PBXTargetDependency</string>
			<key>target</key>
			<string>1E3404B11CEA9E44002805BD</string>
			<key>targetProxy</key>
			<string>1E3404C71CEA9E45002805BD</string>
		</dict>
		<key>1E3404C91CEA9E45002805BD</key>
		<dict>
			<key>children</key>
			<array>
				<string>1E3404CA1CEA9E45002805BD</string>
				<string>1E3404CC1CEA9E45002805BD</string>
			</array>
			<key>isa</key>
			<string>PBXGroup</string>
			<key>path</key>
			<string>BabyTimer1Tests</string>
			<key>sourceTree</key>
			<string>&lt;group&gt;</string>
		</dict>
		<key>1E3404CA1CEA9E45002805BD</key>
		<dict>
			<key>isa</key>
			<string>PBXFileReference</string>
			<key>lastKnownFileType</key>
			<string>sourcecode.swift</string>
			<key>path</key>
			<string>BabyTimer1Tests.swift</string>
			<key>sourceTree</key>
			<string>&lt;group&gt;</string>
		</dict>
		<key>1E3404CB1CEA9E45002805BD</key>
		<dict>
			<key>fileRef</key>
			<string>1E3404CA1CEA9E45002805BD</string>
			<key>isa</key>
			<string>PBXBuildFile</string>
		</dict>
		<key>1E3404CC1CEA9E45002805BD</key>
		<dict>
			<key>isa</key>
			<string>PBXFileReference</string>
			<key>lastKnownFileType</key>
			<string>text.plist.xml</string>
			<key>path</key>
			<string>Info.plist</string>
			<key>sourceTree</key>
			<string>&lt;group&gt;</string>
		</dict>
		<key>1E3404CD1CEA9E45002805BD</key>
		<dict>
			<key>buildActionMask</key>
			<string>2147483647</string>
			<key>files</key>
			<array>
				<string>1E3404D61CEA9E45002805BD</string>
			</array>
			<key>isa</key>
			<string>PBXSourcesBuildPhase</string>
			<key>runOnlyForDeploymentPostprocessing</key>
			<string>0</string>
		</dict>
		<key>1E3404CE1CEA9E45002805BD</key>
		<dict>
			<key>buildActionMask</key>
			<string>2147483647</string>
			<key>files</key>
			<array/>
			<key>isa</key>
			<string>PBXFrameworksBuildPhase</string>
			<key>runOnlyForDeploymentPostprocessing</key>
			<string>0</string>
		</dict>
		<key>1E3404CF1CEA9E45002805BD</key>
		<dict>
			<key>buildActionMask</key>
			<string>2147483647</string>
			<key>files</key>
			<array/>
			<key>isa</key>
			<string>PBXResourcesBuildPhase</string>
			<key>runOnlyForDeploymentPostprocessing</key>
			<string>0</string>
		</dict>
		<key>1E3404D01CEA9E45002805BD</key>
		<dict>
			<key>buildConfigurationList</key>
			<string>1E3404E01CEA9E45002805BD</string>
			<key>buildPhases</key>
			<array>
				<string>1E3404CD1CEA9E45002805BD</string>
				<string>1E3404CE1CEA9E45002805BD</string>
				<string>1E3404CF1CEA9E45002805BD</string>
			</array>
			<key>buildRules</key>
			<array/>
			<key>dependencies</key>
			<array>
				<string>1E3404D31CEA9E45002805BD</string>
			</array>
			<key>isa</key>
			<string>PBXNativeTarget</string>
			<key>name</key>
			<string>BabyTimer1UITests</string>
			<key>productName</key>
			<string>BabyTimer1UITests</string>
			<key>productReference</key>
			<string>1E3404D11CEA9E45002805BD</string>
			<key>productType</key>
			<string>com.apple.product-type.bundle.ui-testing</string>
		</dict>
		<key>1E3404D11CEA9E45002805BD</key>
		<dict>
			<key>explicitFileType</key>
			<string>wrapper.cfbundle</string>
			<key>includeInIndex</key>
			<string>0</string>
			<key>isa</key>
			<string>PBXFileReference</string>
			<key>path</key>
			<string>BabyTimer1UITests.xctest</string>
			<key>sourceTree</key>
			<string>BUILT_PRODUCTS_DIR</string>
		</dict>
		<key>1E3404D21CEA9E45002805BD</key>
		<dict>
			<key>containerPortal</key>
			<string>1E3404AA1CEA9E44002805BD</string>
			<key>isa</key>
			<string>PBXContainerItemProxy</string>
			<key>proxyType</key>
			<string>1</string>
			<key>remoteGlobalIDString</key>
			<string>1E3404B11CEA9E44002805BD</string>
			<key>remoteInfo</key>
			<string>BabyTimer1</string>
		</dict>
		<key>1E3404D31CEA9E45002805BD</key>
		<dict>
			<key>isa</key>
			<string>PBXTargetDependency</string>
			<key>target</key>
			<string>1E3404B11CEA9E44002805BD</string>
			<key>targetProxy</key>
			<string>1E3404D21CEA9E45002805BD</string>
		</dict>
		<key>1E3404D41CEA9E45002805BD</key>
		<dict>
			<key>children</key>
			<array>
				<string>1E3404D51CEA9E45002805BD</string>
				<string>1E3404D71CEA9E45002805BD</string>
			</array>
			<key>isa</key>
			<string>PBXGroup</string>
			<key>path</key>
			<string>BabyTimer1UITests</string>
			<key>sourceTree</key>
			<string>&lt;group&gt;</string>
		</dict>
		<key>1E3404D51CEA9E45002805BD</key>
		<dict>
			<key>isa</key>
			<string>PBXFileReference</string>
			<key>lastKnownFileType</key>
			<string>sourcecode.swift</string>
			<key>path</key>
			<string>BabyTimer1UITests.swift</string>
			<key>sourceTree</key>
			<string>&lt;group&gt;</string>
		</dict>
		<key>1E3404D61CEA9E45002805BD</key>
		<dict>
			<key>fileRef</key>
			<string>1E3404D51CEA9E45002805BD</string>
			<key>isa</key>
			<string>PBXBuildFile</string>
		</dict>
		<key>1E3404D71CEA9E45002805BD</key>
		<dict>
			<key>isa</key>
			<string>PBXFileReference</string>
			<key>lastKnownFileType</key>
			<string>text.plist.xml</string>
			<key>path</key>
			<string>Info.plist</string>
			<key>sourceTree</key>
			<string>&lt;group&gt;</string>
		</dict>
		<key>1E3404D81CEA9E45002805BD</key>
		<dict>
			<key>buildSettings</key>
			<dict>
				<key>ALWAYS_SEARCH_USER_PATHS</key>
				<string>NO</string>
				<key>CLANG_ANALYZER_NONNULL</key>
				<string>YES</string>
				<key>CLANG_CXX_LANGUAGE_STANDARD</key>
				<string>gnu++0x</string>
				<key>CLANG_CXX_LIBRARY</key>
				<string>libc++</string>
				<key>CLANG_ENABLE_MODULES</key>
				<string>YES</string>
				<key>CLANG_ENABLE_OBJC_ARC</key>
				<string>YES</string>
				<key>CLANG_WARN_BOOL_CONVERSION</key>
				<string>YES</string>
				<key>CLANG_WARN_CONSTANT_CONVERSION</key>
				<string>YES</string>
				<key>CLANG_WARN_DIRECT_OBJC_ISA_USAGE</key>
				<string>YES_ERROR</string>
				<key>CLANG_WARN_EMPTY_BODY</key>
				<string>YES</string>
				<key>CLANG_WARN_ENUM_CONVERSION</key>
				<string>YES</string>
				<key>CLANG_WARN_INT_CONVERSION</key>
				<string>YES</string>
				<key>CLANG_WARN_OBJC_ROOT_CLASS</key>
				<string>YES_ERROR</string>
				<key>CLANG_WARN_UNREACHABLE_CODE</key>
				<string>YES</string>
				<key>CLANG_WARN__DUPLICATE_METHOD_MATCH</key>
				<string>YES</string>
				<key>CODE_SIGN_IDENTITY[sdk=iphoneos*]</key>
				<string>iPhone Developer</string>
				<key>COPY_PHASE_STRIP</key>
				<string>NO</string>
				<key>DEBUG_INFORMATION_FORMAT</key>
				<string>dwarf</string>
				<key>ENABLE_STRICT_OBJC_MSGSEND</key>
				<string>YES</string>
				<key>ENABLE_TESTABILITY</key>
				<string>YES</string>
				<key>GCC_C_LANGUAGE_STANDARD</key>
				<string>gnu99</string>
				<key>GCC_DYNAMIC_NO_PIC</key>
				<string>NO</string>
				<key>GCC_NO_COMMON_BLOCKS</key>
				<string>YES</string>
				<key>GCC_OPTIMIZATION_LEVEL</key>
				<string>0</string>
				<key>GCC_PREPROCESSOR_DEFINITIONS</key>
				<array>
					<string>DEBUG=1</string>
					<string>$(inherited)</string>
				</array>
				<key>GCC_WARN_64_TO_32_BIT_CONVERSION</key>
				<string>YES</string>
				<key>GCC_WARN_ABOUT_RETURN_TYPE</key>
				<string>YES_ERROR</string>
				<key>GCC_WARN_UNDECLARED_SELECTOR</key>
				<string>YES</string>
				<key>GCC_WARN_UNINITIALIZED_AUTOS</key>
				<string>YES_AGGRESSIVE</string>
				<key>GCC_WARN_UNUSED_FUNCTION</key>
				<string>YES</string>
				<key>GCC_WARN_UNUSED_VARIABLE</key>
				<string>YES</string>
				<key>IPHONEOS_DEPLOYMENT_TARGET</key>
				<string>9.3</string>
				<key>MTL_ENABLE_DEBUG_INFO</key>
				<string>YES</string>
				<key>ONLY_ACTIVE_ARCH</key>
				<string>YES</string>
				<key>SDKROOT</key>
				<string>iphoneos</string>
				<key>SWIFT_OPTIMIZATION_LEVEL</key>
				<string>-Onone</string>
			</dict>
			<key>isa</key>
			<string>XCBuildConfiguration</string>
			<key>name</key>
			<string>Debug</string>
		</dict>
		<key>1E3404D91CEA9E45002805BD</key>
		<dict>
			<key>buildSettings</key>
			<dict>
				<key>ALWAYS_SEARCH_USER_PATHS</key>
				<string>NO</string>
				<key>CLANG_ANALYZER_NONNULL</key>
				<string>YES</string>
				<key>CLANG_CXX_LANGUAGE_STANDARD</key>
				<string>gnu++0x</string>
				<key>CLANG_CXX_LIBRARY</key>
				<string>libc++</string>
				<key>CLANG_ENABLE_MODULES</key>
				<string>YES</string>
				<key>CLANG_ENABLE_OBJC_ARC</key>
				<string>YES</string>
				<key>CLANG_WARN_BOOL_CONVERSION</key>
				<string>YES</string>
				<key>CLANG_WARN_CONSTANT_CONVERSION</key>
				<string>YES</string>
				<key>CLANG_WARN_DIRECT_OBJC_ISA_USAGE</key>
				<string>YES_ERROR</string>
				<key>CLANG_WARN_EMPTY_BODY</key>
				<string>YES</string>
				<key>CLANG_WARN_ENUM_CONVERSION</key>
				<string>YES</string>
				<key>CLANG_WARN_INT_CONVERSION</key>
				<string>YES</string>
				<key>CLANG_WARN_OBJC_ROOT_CLASS</key>
				<string>YES_ERROR</string>
				<key>CLANG_WARN_UNREACHABLE_CODE</key>
				<string>YES</string>
				<key>CLANG_WARN__DUPLICATE_METHOD_MATCH</key>
				<string>YES</string>
				<key>CODE_SIGN_IDENTITY[sdk=iphoneos*]</key>
				<string>iPhone Developer</string>
				<key>COPY_PHASE_STRIP</key>
				<string>NO</string>
				<key>DEBUG_INFORMATION_FORMAT</key>
				<string>dwarf-with-dsym</string>
				<key>ENABLE_NS_ASSERTIONS</key>
				<string>NO</string>
				<key>ENABLE_STRICT_OBJC_MSGSEND</key>
				<string>YES</string>
				<key>GCC_C_LANGUAGE_STANDARD</key>
				<string>gnu99</string>
				<key>GCC_NO_COMMON_BLOCKS</key>
				<string>YES</string>
				<key>GCC_WARN_64_TO_32_BIT_CONVERSION</key>
				<string>YES</string>
				<key>GCC_WARN_ABOUT_RETURN_TYPE</key>
				<string>YES_ERROR</string>
				<key>GCC_WARN_UNDECLARED_SELECTOR</key>
				<string>YES</string>
				<key>GCC_WARN_UNINITIALIZED_AUTOS</key>
				<string>YES_AGGRESSIVE</string>
				<key>GCC_WARN_UNUSED_FUNCTION</key>
				<string>YES</string>
				<key>GCC_WARN_UNUSED_VARIABLE</key>
				<string>YES</string>
				<key>IPHONEOS_DEPLOYMENT_TARGET</key>
				<string>9.3</string>
				<key>MTL_ENABLE_DEBUG_INFO</key>
				<string>NO</string>
				<key>SDKROOT</key>
				<string>iphoneos</string>
				<key>VALIDATE_PRODUCT</key>
				<string>YES</string>
			</dict>
			<key>isa</key>
			<string>XCBuildConfiguration</string>
			<key>name</key>
			<string>Release</string>
		</dict>
		<key>1E3404DA1CEA9E45002805BD</key>
		<dict>
			<key>buildConfigurations</key>
			<array>
				<string>1E3404DB1CEA9E45002805BD</string>
				<string>1E3404DC1CEA9E45002805BD</string>
			</array>
			<key>defaultConfigurationIsVisible</key>
			<string>0</string>
			<key>defaultConfigurationName</key>
			<string>Release</string>
			<key>isa</key>
			<string>XCConfigurationList</string>
		</dict>
		<key>1E3404DB1CEA9E45002805BD</key>
		<dict>
			<key>buildSettings</key>
			<dict>
				<key>ASSETCATALOG_COMPILER_APPICON_NAME</key>
				<string>AppIcon</string>
				<key>CODE_SIGN_IDENTITY</key>
				<string>iPhone Developer</string>
				<key>FRAMEWORK_SEARCH_PATHS</key>
				<array>
					<string>$(inherited)</string>
					<string>$(PROJECT_DIR)</string>
				</array>
				<key>INFOPLIST_FILE</key>
				<string>BabyTimer1/Info.plist</string>
				<key>LD_RUNPATH_SEARCH_PATHS</key>
				<string>$(inherited) @executable_path/Frameworks</string>
				<key>PRODUCT_BUNDLE_IDENTIFIER</key>
				<string>zelig.BabyTime</string>
				<key>PRODUCT_NAME</key>
				<string>$(TARGET_NAME)</string>
				<key>SWIFT_OBJC_BRIDGING_HEADER</key>
				<string>Bridging-Header.h</string>
				<key>TARGETED_DEVICE_FAMILY</key>
				<string>1</string>
			</dict>
			<key>isa</key>
			<string>XCBuildConfiguration</string>
			<key>name</key>
			<string>Debug</string>
		</dict>
		<key>1E3404DC1CEA9E45002805BD</key>
		<dict>
			<key>buildSettings</key>
			<dict>
				<key>ASSETCATALOG_COMPILER_APPICON_NAME</key>
				<string>AppIcon</string>
				<key>CODE_SIGN_IDENTITY</key>
				<string>iPhone Developer</string>
				<key>FRAMEWORK_SEARCH_PATHS</key>
				<array>
					<string>$(inherited)</string>
					<string>$(PROJECT_DIR)</string>
				</array>
				<key>INFOPLIST_FILE</key>
				<string>BabyTimer1/Info.plist</string>
				<key>LD_RUNPATH_SEARCH_PATHS</key>
				<string>$(inherited) @executable_path/Frameworks</string>
				<key>PRODUCT_BUNDLE_IDENTIFIER</key>
				<string>zelig.BabyTime</string>
				<key>PRODUCT_NAME</key>
				<string>$(TARGET_NAME)</string>
				<key>SWIFT_OBJC_BRIDGING_HEADER</key>
				<string>Bridging-Header.h</string>
				<key>TARGETED_DEVICE_FAMILY</key>
				<string>1</string>
			</dict>
			<key>isa</key>
			<string>XCBuildConfiguration</string>
			<key>name</key>
			<string>Release</string>
		</dict>
		<key>1E3404DD1CEA9E45002805BD</key>
		<dict>
			<key>buildConfigurations</key>
			<array>
				<string>1E3404DE1CEA9E45002805BD</string>
				<string>1E3404DF1CEA9E45002805BD</string>
			</array>
			<key>defaultConfigurationIsVisible</key>
			<string>0</string>
			<key>defaultConfigurationName</key>
			<string>Release</string>
			<key>isa</key>
			<string>XCConfigurationList</string>
		</dict>
		<key>1E3404DE1CEA9E45002805BD</key>
		<dict>
			<key>buildSettings</key>
			<dict>
				<key>BUNDLE_LOADER</key>
				<string>$(TEST_HOST)</string>
				<key>INFOPLIST_FILE</key>
				<string>BabyTimer1Tests/Info.plist</string>
				<key>LD_RUNPATH_SEARCH_PATHS</key>
				<string>$(inherited) @executable_path/Frameworks @loader_path/Frameworks</string>
				<key>PRODUCT_BUNDLE_IDENTIFIER</key>
				<string>toff.BabyTimer1Tests</string>
				<key>PRODUCT_NAME</key>
				<string>$(TARGET_NAME)</string>
				<key>TEST_HOST</key>
				<string>$(BUILT_PRODUCTS_DIR)/BabyTimer1.app/BabyTimer1</string>
			</dict>
			<key>isa</key>
			<string>XCBuildConfiguration</string>
			<key>name</key>
			<string>Debug</string>
		</dict>
		<key>1E3404DF1CEA9E45002805BD</key>
		<dict>
			<key>buildSettings</key>
			<dict>
				<key>BUNDLE_LOADER</key>
				<string>$(TEST_HOST)</string>
				<key>INFOPLIST_FILE</key>
				<string>BabyTimer1Tests/Info.plist</string>
				<key>LD_RUNPATH_SEARCH_PATHS</key>
				<string>$(inherited) @executable_path/Frameworks @loader_path/Frameworks</string>
				<key>PRODUCT_BUNDLE_IDENTIFIER</key>
				<string>toff.BabyTimer1Tests</string>
				<key>PRODUCT_NAME</key>
				<string>$(TARGET_NAME)</string>
				<key>TEST_HOST</key>
				<string>$(BUILT_PRODUCTS_DIR)/BabyTimer1.app/BabyTimer1</string>
			</dict>
			<key>isa</key>
			<string>XCBuildConfiguration</string>
			<key>name</key>
			<string>Release</string>
		</dict>
		<key>1E3404E01CEA9E45002805BD</key>
		<dict>
			<key>buildConfigurations</key>
			<array>
				<string>1E3404E11CEA9E45002805BD</string>
				<string>1E3404E21CEA9E45002805BD</string>
			</array>
			<key>defaultConfigurationIsVisible</key>
			<string>0</string>
			<key>defaultConfigurationName</key>
			<string>Release</string>
			<key>isa</key>
			<string>XCConfigurationList</string>
		</dict>
		<key>1E3404E11CEA9E45002805BD</key>
		<dict>
			<key>buildSettings</key>
			<dict>
				<key>INFOPLIST_FILE</key>
				<string>BabyTimer1UITests/Info.plist</string>
				<key>LD_RUNPATH_SEARCH_PATHS</key>
				<string>$(inherited) @executable_path/Frameworks @loader_path/Frameworks</string>
				<key>PRODUCT_BUNDLE_IDENTIFIER</key>
				<string>toff.BabyTimer1UITests</string>
				<key>PRODUCT_NAME</key>
				<string>$(TARGET_NAME)</string>
				<key>TEST_TARGET_NAME</key>
				<string>BabyTimer1</string>
			</dict>
			<key>isa</key>
			<string>XCBuildConfiguration</string>
			<key>name</key>
			<string>Debug</string>
		</dict>
		<key>1E3404E21CEA9E45002805BD</key>
		<dict>
			<key>buildSettings</key>
			<dict>
				<key>INFOPLIST_FILE</key>
				<string>BabyTimer1UITests/Info.plist</string>
				<key>LD_RUNPATH_SEARCH_PATHS</key>
				<string>$(inherited) @executable_path/Frameworks @loader_path/Frameworks</string>
				<key>PRODUCT_BUNDLE_IDENTIFIER</key>
				<string>toff.BabyTimer1UITests</string>
				<key>PRODUCT_NAME</key>
				<string>$(TARGET_NAME)</string>
				<key>TEST_TARGET_NAME</key>
				<string>BabyTimer1</string>
			</dict>
			<key>isa</key>
			<string>XCBuildConfiguration</string>
			<key>name</key>
			<string>Release</string>
		</dict>
		<key>3E75E94BEAF968A60BC750DC</key>
		<dict>
			<key>isa</key>
			<string>PBXFileReference</string>
			<key>lastKnownFileType</key>
			<string>wrapper.framework</string>
			<key>name</key>
			<string>CoreTelephony.framework</string>
			<key>path</key>
			<string>System/Library/Frameworks/CoreTelephony.framework</string>
			<key>sourceTree</key>
			<string>SDKROOT</string>
		</dict>
		<key>4EC59BAFCFBEE64B025769DF</key>
		<dict>
			<key>fileRef</key>
			<string>4FB4D9F8CD806A030B0C2FBB</string>
			<key>isa</key>
			<string>PBXBuildFile</string>
		</dict>
		<key>4FB4D9F8CD806A030B0C2FBB</key>
		<dict>
			<key>isa</key>
			<string>PBXFileReference</string>
			<key>lastKnownFileType</key>
			<string>wrapper.framework</string>
			<key>name</key>
			<string>CoreMedia.framework</string>
			<key>path</key>
			<string>System/Library/Frameworks/CoreMedia.framework</string>
			<key>sourceTree</key>
			<string>SDKROOT</string>
		</dict>
		<key>5D5C5BB73C3A2FA28C726C01</key>
		<dict>
			<key>isa</key>
			<string>PBXFileReference</string>
			<key>lastKnownFileType</key>
			<string>wrapper.framework</string>
			<key>name</key>
			<string>CoreText.framework</string>
			<key>path</key>
			<string>System/Library/Frameworks/CoreText.framework</string>
			<key>sourceTree</key>
			<string>SDKROOT</string>
		</dict>
		<key>66D0A204781FA3A91A3C6E8A</key>
		<dict>
			<key>fileRef</key>
			<string>0C4671D7E24F39E9CE9271B2</string>
			<key>isa</key>
			<string>PBXBuildFile</string>
		</dict>
		<key>746C804EBF89D0876D551453</key>
		<dict>
			<key>isa</key>
			<string>PBXFileReference</string>
			<key>lastKnownFileType</key>
			<string>wrapper.framework</string>
			<key>name</key>
			<string>CoreVideo.framework</string>
			<key>path</key>
			<string>System/Library/Frameworks/CoreVideo.framework</string>
			<key>sourceTree</key>
			<string>SDKROOT</string>
		</dict>
		<key>75E1E0A8720B449724798C31</key>
		<dict>
			<key>children</key>
			<array>
				<string>BBC37A8FA2AE76305B70464B</string>
				<string>E0890E4BFCD8738CB60E6030</string>
				<string>5D5C5BB73C3A2FA28C726C01</string>
				<string>3E75E94BEAF968A60BC750DC</string>
				<string>0C4671D7E24F39E9CE9271B2</string>
				<string>E0AB2C2AA2AA71EEFDD97179</string>
				<string>B70AB388B8404463261FDB87</string>
				<string>4FB4D9F8CD806A030B0C2FBB</string>
				<string>746C804EBF89D0876D551453</string>
			</array>
			<key>isa</key>
			<string>PBXGroup</string>
			<key>name</key>
			<string>Frameworks</string>
			<key>sourceTree</key>
			<string>&lt;group&gt;</string>
		</dict>
		<key>9BA50A64E0B65F0E60DA8070</key>
		<dict>
			<key>fileRef</key>
			<string>E0AB2C2AA2AA71EEFDD97179</string>
			<key>isa</key>
			<string>PBXBuildFile</string>
		</dict>
		<key>9F9E9C9C853D1D51898CD9E7</key>
		<dict>
			<key>fileRef</key>
			<string>B70AB388B8404463261FDB87</string>
			<key>isa</key>
			<string>PBXBuildFile</string>
		</dict>
		<key>A35CEBC6AFD0D829C6766C66</key>
		<dict>
			<key>fileRef</key>
			<string>BBC37A8FA2AE76305B70464B</string>
			<key>isa</key>
			<string>PBXBuildFile</string>
		</dict>
		<key>B70AB388B8404463261FDB87</key>
		<dict>
			<key>isa</key>
			<string>PBXFileReference</string>
			<key>lastKnownFileType</key>
			<string>wrapper.framework</string>
			<key>name</key>
			<string>AVFoundation.framework</string>
			<key>path</key>
			<string>System/Library/Frameworks/AVFoundation.framework</string>
			<key>sourceTree</key>
			<string>SDKROOT</string>
		</dict>
		<key>BBC37A8FA2AE76305B70464B</key>
		<dict>
			<key>isa</key>
			<string>PBXFileReference</string>
			<key>lastKnownFileType</key>
			<string>wrapper.framework</string>
			<key>name</key>
			<string>BuddyBuildSDK.framework</string>
			<key>path</key>
			<string>BuddyBuildSDK.framework</string>
			<key>sourceTree</key>
			<string>&lt;group&gt;</string>
		</dict>
		<key>C3033421129CD9FCFBDB43B6</key>
		<dict>
			<key>fileRef</key>
			<string>E0890E4BFCD8738CB60E6030</string>
			<key>isa</key>
			<string>PBXBuildFile</string>
		</dict>
		<key>D20969AD4F08A984BB47F98F</key>
		<dict>
			<key>includeInIndex</key>
			<string>1</string>
			<key>isa</key>
			<string>PBXFileReference</string>
			<key>lastKnownFileType</key>
			<string>sourcecode.c.h</string>
			<key>path</key>
			<string>Bridging-Header.h</string>
			<key>sourceTree</key>
			<string>&lt;group&gt;</string>
		</dict>
		<key>DC1BB9B3F6F6FE4B4383947E</key>
		<dict>
			<key>fileRef</key>
			<string>746C804EBF89D0876D551453</string>
			<key>isa</key>
			<string>PBXBuildFile</string>
		</dict>
		<key>DD55241EC5DC087192B34394</key>
		<dict>
			<key>fileRef</key>
			<string>5D5C5BB73C3A2FA28C726C01</string>
			<key>isa</key>
			<string>PBXBuildFile</string>
		</dict>
		<key>E0890E4BFCD8738CB60E6030</key>
		<dict>
			<key>isa</key>
			<string>PBXFileReference</string>
			<key>lastKnownFileType</key>
			<string>wrapper.framework</string>
			<key>name</key>
			<string>AssetsLibrary.framework</string>
			<key>path</key>
			<string>System/Library/Frameworks/AssetsLibrary.framework</string>
			<key>sourceTree</key>
			<string>SDKROOT</string>
		</dict>
		<key>E0AB2C2AA2AA71EEFDD97179</key>
		<dict>
			<key>isa</key>
			<string>PBXFileReference</string>
			<key>lastKnownFileType</key>
			<string>wrapper.framework</string>
			<key>name</key>
			<string>QuartzCore.framework</string>
			<key>path</key>
			<string>System/Library/Frameworks/QuartzCore.framework</string>
			<key>sourceTree</key>
			<string>SDKROOT</string>
		</dict>
		<key>ED763CB4E0F1283DA3426B1B</key>
		<dict>
			<key>fileRef</key>
			<string>3E75E94BEAF968A60BC750DC</string>
			<key>isa</key>
			<string>PBXBuildFile</string>
		</dict>
	</dict>
	<key>rootObject</key>
	<string>1E3404AA1CEA9E44002805BD</string>
</dict>
</plist>
